PODS:
  - LocationInputView (0.1.0):
    - LocationPicker
  - LocationPicker (1.2.0)
  - Nimble (8.0.2)
  - Quick (2.1.0)

DEPENDENCIES:
  - LocationInputView (from `../`)
  - LocationPicker
  - Nimble
  - Quick

SPEC REPOS:
  https://github.com/cocoapods/specs.git:
    - LocationPicker
    - Nimble
    - Quick

EXTERNAL SOURCES:
  LocationInputView:
    :path: "../"

SPEC CHECKSUMS:
  LocationInputView: 67991da3232ba7cad819d27d71c45af0ff8bf062
  LocationPicker: d91f9fe50493d8058391fe1408aa2a8db49a584d
  Nimble: 622629381bda1dd5678162f21f1368cec7cbba60
  Quick: 4be43f6634acfa727dd106bdf3929ce125ffa79d

PODFILE CHECKSUM: 1534459a880a1c05adc22d744336db030d0765d1

COCOAPODS: 1.6.1
